github.com/jgthms/bulma v0.0.0-20250419133925-e133d45b7a82 h1:dzXGs/El6EfML8aRrR5DgawnvRZEu0aE3dNRV+sxehk=
github.com/jgthms/bulma v0.0.0-20250419133925-e133d45b7a82/go.mod h1:89FLBKXYFKfOKAoDeUT26V0pHGwzr205cMXAEqtAVOI=
github.com/jgthms/bulma v0.0.0-20260301201300-741da22368cd h1:XeROAQGcqG0kJNA7jYYqsD7lI1P3Dx1Eboo1XNAA+Cc=
github.com/jgthms/bulma v0.0.0-20260301201300-741da22368cd/go.mod h1:89FLBKXYFKfOKAoDeUT26V0pHGwzr205cMXAEqtAVOI=
